
Microsoft Visual Studio Solution File, Format Version 10.00
# Visual Studio 2008
Project("{F184B08F-C81C-45F6-A57F-5ABD9991F28F}") = "Modulo_Ventas", "Modulo_Ventas.vbproj", "{53768885-C37C-4E95-9F0D-7D8DEF6ACB10}"
EndProject
Global
	GlobalSection(SolutionConfigurationPlatforms) = preSolution
		Debug|Any CPU = Debug|Any CPU
		Debug|x86 = Debug|x86
		Release|Any CPU = Release|Any CPU
		Release|x86 = Release|x86
	EndGlobalSection
	GlobalSection(ProjectConfigurationPlatforms) = postSolution
		{53768885-C37C-4E95-9F0D-7D8DEF6ACB10}.Debug|Any CPU.ActiveCfg = Debug|Any CPU
		{53768885-C37C-4E95-9F0D-7D8DEF6ACB10}.Debug|Any CPU.Build.0 = Debug|Any CPU
		{53768885-C37C-4E95-9F0D-7D8DEF6ACB10}.Debug|x86.ActiveCfg = Debug|x86
		{53768885-C37C-4E95-9F0D-7D8DEF6ACB10}.Debug|x86.Build.0 = Debug|x86
		{53768885-C37C-4E95-9F0D-7D8DEF6ACB10}.Release|Any CPU.ActiveCfg = Release|Any CPU
		{53768885-C37C-4E95-9F0D-7D8DEF6ACB10}.Release|Any CPU.Build.0 = Release|Any CPU
		{53768885-C37C-4E95-9F0D-7D8DEF6ACB10}.Release|x86.ActiveCfg = Release|x86
		{53768885-C37C-4E95-9F0D-7D8DEF6ACB10}.Release|x86.Build.0 = Release|x86
	EndGlobalSection
	GlobalSection(SolutionProperties) = preSolution
		HideSolutionNode = FALSE
	EndGlobalSection
EndGlobal
